
Microsoft Visual Studio Solution File, Format Version 12.00
# Visual Studio Version 17
VisualStudioVersion = 17.12.35707.178
MinimumVisualStudioVersion = 10.0.40219.1
Project("{FAE04EC0-301F-11D3-BF4B-00C04F79EFBC}") = "01Triangle", "Triangle\01Triangle.csproj", "{4888554A-4F89-47B9-88B2-7C1387C2B7D3}"
EndProject
Project("{FAE04EC0-301F-11D3-BF4B-00C04F79EFBC}") = "00Common", "Common\00Common.csproj", "{5F5FCA5D-9A6F-4BB6-874C-369DCFE09C36}"
EndProject
Project("{FAE04EC0-301F-11D3-BF4B-00C04F79EFBC}") = "02GradientSquare", "GradientSquare\02GradientSquare.csproj", "{4D562DD1-2290-4A64-B9D1-3C57DA68E37F}"
EndProject
Project("{FAE04EC0-301F-11D3-BF4B-00C04F79EFBC}") = "03TexturedTriangle", "TexturedTriangle\03TexturedTriangle.csproj", "{9A877006-48E7-44B6-A2DB-EABA692B6DE8}"
EndProject
Project("{FAE04EC0-301F-11D3-BF4B-00C04F79EFBC}") = "04TexturedRectangle", "TexturedRectangle\04TexturedRectangle.csproj", "{43BCCCF7-A53A-4963-901E-07F0F420AF6A}"
EndProject
Project("{FAE04EC0-301F-11D3-BF4B-00C04F79EFBC}") = "05MultipleTextures", "MultipleTextures\05MultipleTextures.csproj", "{355BD3A9-37DA-414D-8C36-650E69627AED}"
EndProject
Project("{FAE04EC0-301F-11D3-BF4B-00C04F79EFBC}") = "06MatrixTransformation", "MatrixTransformation\06MatrixTransformation.csproj", "{3DC44FFD-1DED-410E-B2B3-7E2AEC8E3A47}"
EndProject
Global
	GlobalSection(SolutionConfigurationPlatforms) = preSolution
		Debug|Any CPU = Debug|Any CPU
		Release|Any CPU = Release|Any CPU
	EndGlobalSection
	GlobalSection(ProjectConfigurationPlatforms) = postSolution
		{4888554A-4F89-47B9-88B2-7C1387C2B7D3}.Debug|Any CPU.ActiveCfg = Debug|Any CPU
		{4888554A-4F89-47B9-88B2-7C1387C2B7D3}.Debug|Any CPU.Build.0 = Debug|Any CPU
		{4888554A-4F89-47B9-88B2-7C1387C2B7D3}.Release|Any CPU.ActiveCfg = Release|Any CPU
		{4888554A-4F89-47B9-88B2-7C1387C2B7D3}.Release|Any CPU.Build.0 = Release|Any CPU
		{5F5FCA5D-9A6F-4BB6-874C-369DCFE09C36}.Debug|Any CPU.ActiveCfg = Debug|Any CPU
		{5F5FCA5D-9A6F-4BB6-874C-369DCFE09C36}.Debug|Any CPU.Build.0 = Debug|Any CPU
		{5F5FCA5D-9A6F-4BB6-874C-369DCFE09C36}.Release|Any CPU.ActiveCfg = Release|Any CPU
		{5F5FCA5D-9A6F-4BB6-874C-369DCFE09C36}.Release|Any CPU.Build.0 = Release|Any CPU
		{4D562DD1-2290-4A64-B9D1-3C57DA68E37F}.Debug|Any CPU.ActiveCfg = Debug|Any CPU
		{4D562DD1-2290-4A64-B9D1-3C57DA68E37F}.Debug|Any CPU.Build.0 = Debug|Any CPU
		{4D562DD1-2290-4A64-B9D1-3C57DA68E37F}.Release|Any CPU.ActiveCfg = Release|Any CPU
		{4D562DD1-2290-4A64-B9D1-3C57DA68E37F}.Release|Any CPU.Build.0 = Release|Any CPU
		{9A877006-48E7-44B6-A2DB-EABA692B6DE8}.Debug|Any CPU.ActiveCfg = Debug|Any CPU
		{9A877006-48E7-44B6-A2DB-EABA692B6DE8}.Debug|Any CPU.Build.0 = Debug|Any CPU
		{9A877006-48E7-44B6-A2DB-EABA692B6DE8}.Release|Any CPU.ActiveCfg = Release|Any CPU
		{9A877006-48E7-44B6-A2DB-EABA692B6DE8}.Release|Any CPU.Build.0 = Release|Any CPU
		{43BCCCF7-A53A-4963-901E-07F0F420AF6A}.Debug|Any CPU.ActiveCfg = Debug|Any CPU
		{43BCCCF7-A53A-4963-901E-07F0F420AF6A}.Debug|Any CPU.Build.0 = Debug|Any CPU
		{43BCCCF7-A53A-4963-901E-07F0F420AF6A}.Release|Any CPU.ActiveCfg = Release|Any CPU
		{43BCCCF7-A53A-4963-901E-07F0F420AF6A}.Release|Any CPU.Build.0 = Release|Any CPU
		{355BD3A9-37DA-414D-8C36-650E69627AED}.Debug|Any CPU.ActiveCfg = Debug|Any CPU
		{355BD3A9-37DA-414D-8C36-650E69627AED}.Debug|Any CPU.Build.0 = Debug|Any CPU
		{355BD3A9-37DA-414D-8C36-650E69627AED}.Release|Any CPU.ActiveCfg = Release|Any CPU
		{355BD3A9-37DA-414D-8C36-650E69627AED}.Release|Any CPU.Build.0 = Release|Any CPU
		{3DC44FFD-1DED-410E-B2B3-7E2AEC8E3A47}.Debug|Any CPU.ActiveCfg = Debug|Any CPU
		{3DC44FFD-1DED-410E-B2B3-7E2AEC8E3A47}.Debug|Any CPU.Build.0 = Debug|Any CPU
		{3DC44FFD-1DED-410E-B2B3-7E2AEC8E3A47}.Release|Any CPU.ActiveCfg = Release|Any CPU
		{3DC44FFD-1DED-410E-B2B3-7E2AEC8E3A47}.Release|Any CPU.Build.0 = Release|Any CPU
	EndGlobalSection
	GlobalSection(SolutionProperties) = preSolution
		HideSolutionNode = FALSE
	EndGlobalSection
EndGlobal
